Microsoft Visual Studio Solution File, Format Version 11.00
# Visual Studio 2008

Project("{ECBF7529-F1ED-51B0-DBDC-48896B472C01}") = "Yuv_Study", "Assembly-CSharp.csproj", "{4DB2BFAA-A23B-2D51-AA1E-0D0F65256B22}"
EndProject
Global
	GlobalSection(SolutionConfigurationPlatforms) = preSolution
		Debug|Any CPU = Debug|Any CPU
		Release|Any CPU = Release|Any CPU
	EndGlobalSection
	GlobalSection(ProjectConfigurationPlatforms) = postSolution
		{4DB2BFAA-A23B-2D51-AA1E-0D0F65256B22}.Debug|Any CPU.ActiveCfg = Debug|Any CPU
		{4DB2BFAA-A23B-2D51-AA1E-0D0F65256B22}.Debug|Any CPU.Build.0 = Debug|Any CPU
		{4DB2BFAA-A23B-2D51-AA1E-0D0F65256B22}.Release|Any CPU.ActiveCfg = Release|Any CPU
		{4DB2BFAA-A23B-2D51-AA1E-0D0F65256B22}.Release|Any CPU.Build.0 = Release|Any CPU
	EndGlobalSection
	GlobalSection(SolutionProperties) = preSolution
		HideSolutionNode = FALSE
	EndGlobalSection
	GlobalSection(MonoDevelopProperties) = preSolution
		StartupItem = Assembly-CSharp.csproj
	EndGlobalSection
EndGlobal
