Microsoft Visual Studio Solution File, Format Version 11.00
# Visual Studio 2008

Project("{9A3A0F07-5400-DF09-8F91-9BD992C36851}") = "Yuv_Study_Unity", "Assembly-CSharp.csproj", "{B638356D-8797-18EC-F630-E6E0ACF96AB2}"
EndProject
Global
	GlobalSection(SolutionConfigurationPlatforms) = preSolution
		Debug|Any CPU = Debug|Any CPU
		Release|Any CPU = Release|Any CPU
	EndGlobalSection
	GlobalSection(ProjectConfigurationPlatforms) = postSolution
		{B638356D-8797-18EC-F630-E6E0ACF96AB2}.Debug|Any CPU.ActiveCfg = Debug|Any CPU
		{B638356D-8797-18EC-F630-E6E0ACF96AB2}.Debug|Any CPU.Build.0 = Debug|Any CPU
		{B638356D-8797-18EC-F630-E6E0ACF96AB2}.Release|Any CPU.ActiveCfg = Release|Any CPU
		{B638356D-8797-18EC-F630-E6E0ACF96AB2}.Release|Any CPU.Build.0 = Release|Any CPU
	EndGlobalSection
	GlobalSection(SolutionProperties) = preSolution
		HideSolutionNode = FALSE
	EndGlobalSection
	GlobalSection(MonoDevelopProperties) = preSolution
		Policies = $0
		$0.DotNetNamingPolicy = $1
		$1.DirectoryNamespaceAssociation = None
		$1.ResourceNamePolicy = FileFormatDefault
		$0.TextStylePolicy = $2
		$2.inheritsSet = null
		$2.scope = text/x-csharp
		$0.CSharpFormattingPolicy = $3
		$3.AfterDelegateDeclarationParameterComma = True
		$3.inheritsSet = Mono
		$3.inheritsScope = text/x-csharp
		$3.scope = text/x-csharp
		$0.TextStylePolicy = $4
		$4.FileWidth = 120
		$4.TabsToSpaces = False
		$4.inheritsSet = VisualStudio
		$4.inheritsScope = text/plain
		$4.scope = text/plain
		$0.TextStylePolicy = $5
		$5.inheritsSet = null
		$5.scope = text/x-shader
	EndGlobalSection
EndGlobal
